
Microsoft Visual Studio Solution File, Format Version 12.00
# Visual Studio Version 16
VisualStudioVersion = 16.0.31729.503
MinimumVisualStudioVersion = 10.0.40219.1
Project("{FAE04EC0-301F-11D3-BF4B-00C04F79EFBC}") = "FundamentosLenguaje", "FundamentosLenguaje\FundamentosLenguaje.csproj", "{23BDC09E-3BC0-420A-A4A4-262AE1E33A45}"
EndProject
Global
	GlobalSection(SolutionConfigurationPlatforms) = preSolution
		Debug|Any CPU = Debug|Any CPU
		Release|Any CPU = Release|Any CPU
	EndGlobalSection
	GlobalSection(ProjectConfigurationPlatforms) = postSolution
		{23BDC09E-3BC0-420A-A4A4-262AE1E33A45}.Debug|Any CPU.ActiveCfg = Debug|Any CPU
		{23BDC09E-3BC0-420A-A4A4-262AE1E33A45}.Debug|Any CPU.Build.0 = Debug|Any CPU
		{23BDC09E-3BC0-420A-A4A4-262AE1E33A45}.Release|Any CPU.ActiveCfg = Release|Any CPU
		{23BDC09E-3BC0-420A-A4A4-262AE1E33A45}.Release|Any CPU.Build.0 = Release|Any CPU
	EndGlobalSection
	GlobalSection(SolutionProperties) = preSolution
		HideSolutionNode = FALSE
	EndGlobalSection
	GlobalSection(ExtensibilityGlobals) = postSolution
		SolutionGuid = {5D9AFCBD-7147-4E2C-B5B2-3925256F3800}
	EndGlobalSection
EndGlobal
